# THIS IS AN AUTOGENERATED FILE. DO NOT EDIT THIS FILE DIRECTLY.
# yarn lockfile v1


dotenv@^8.1.0:
  version "8.1.0"
  resolved "https://registry.yarnpkg.com/dotenv/-/dotenv-8.1.0.tgz#d811e178652bfb8a1e593c6dd704ec7e90d85ea2"
  integrity sha512-GUE3gqcDCaMltj2++g6bRQ5rBJWtkWTmqmD0fo1RnnMuUqHNCt2oTPeDnS9n6fKYvlhn7AeBkb38lymBtWBQdA==

fs@^0.0.1-security:
  version "0.0.1-security"
  resolved "https://registry.yarnpkg.com/fs/-/fs-0.0.1-security.tgz#8a7bd37186b6dddf3813f23858b57ecaaf5e41d4"
  integrity sha1-invTcYa23d84E/I4WLV+yq9eQdQ=

squirrelly@^7.5.0:
  version "7.5.0"
  resolved "https://registry.yarnpkg.com/squirrelly/-/squirrelly-7.5.0.tgz#76b42e2771639433bff3e60fd66aa6b04f25e8d0"
  integrity sha512-7GtawPwwkVPnG9hqfQRjrziHxWLHAoJ3tlYvhmSayDNoovIufIQXRF0G/QA8sUTCSPzzSBkPSN0CuTlcvE7Dow==
